
Microsoft Visual Studio Solution File, Format Version 12.00
# Visual Studio Version 17
VisualStudioVersion = 17.8.34511.84
MinimumVisualStudioVersion = 10.0.40219.1
Project("{FAE04EC0-301F-11D3-BF4B-00C04F79EFBC}") = "LeQuangTrungMVC", "LeQuangTrungMVC\LeQuangTrungMVC.csproj", "{B245153B-5C2A-4D32-B3E9-0021774AB7B9}"
EndProject
Project("{FAE04EC0-301F-11D3-BF4B-00C04F79EFBC}") = "LeQuangTrungMVC.DataAccessObjects", "LeQuangTrungMVC.DataAccessObjects\LeQuangTrungMVC.DataAccessObjects.csproj", "{CF628D70-1CA3-4E84-ABA3-146754F50D2C}"
EndProject
Project("{FAE04EC0-301F-11D3-BF4B-00C04F79EFBC}") = "LeQuangTrungMVC.BusinessObjects", "LeQuangTrungMVC.BusinessObjects\LeQuangTrungMVC.BusinessObjects.csproj", "{AE942012-0796-4DBC-A934-0E445B7162B8}"
EndProject
Project("{FAE04EC0-301F-11D3-BF4B-00C04F79EFBC}") = "LeQuangTrungMVC.BusinessLogicLayer", "LeQuangTrungMVC.BusinessLogicLayer\LeQuangTrungMVC.BusinessLogicLayer.csproj", "{05884ADE-BA6E-489D-A1AE-B5FE15734A59}"
EndProject
Project("{FAE04EC0-301F-11D3-BF4B-00C04F79EFBC}") = "LeQuangTrungMVC.Repository", "LeQuangTrungMVC.Repository\LeQuangTrungMVC.Repository.csproj", "{9BF1B79B-C6C3-4255-9716-7DF5F8F6C66C}"
EndProject
Global
	GlobalSection(SolutionConfigurationPlatforms) = preSolution
		Debug|Any CPU = Debug|Any CPU
		Release|Any CPU = Release|Any CPU
	EndGlobalSection
	GlobalSection(ProjectConfigurationPlatforms) = postSolution
		{B245153B-5C2A-4D32-B3E9-0021774AB7B9}.Debug|Any CPU.ActiveCfg = Debug|Any CPU
		{B245153B-5C2A-4D32-B3E9-0021774AB7B9}.Debug|Any CPU.Build.0 = Debug|Any CPU
		{B245153B-5C2A-4D32-B3E9-0021774AB7B9}.Release|Any CPU.ActiveCfg = Release|Any CPU
		{B245153B-5C2A-4D32-B3E9-0021774AB7B9}.Release|Any CPU.Build.0 = Release|Any CPU
		{CF628D70-1CA3-4E84-ABA3-146754F50D2C}.Debug|Any CPU.ActiveCfg = Debug|Any CPU
		{CF628D70-1CA3-4E84-ABA3-146754F50D2C}.Debug|Any CPU.Build.0 = Debug|Any CPU
		{CF628D70-1CA3-4E84-ABA3-146754F50D2C}.Release|Any CPU.ActiveCfg = Release|Any CPU
		{CF628D70-1CA3-4E84-ABA3-146754F50D2C}.Release|Any CPU.Build.0 = Release|Any CPU
		{AE942012-0796-4DBC-A934-0E445B7162B8}.Debug|Any CPU.ActiveCfg = Debug|Any CPU
		{AE942012-0796-4DBC-A934-0E445B7162B8}.Debug|Any CPU.Build.0 = Debug|Any CPU
		{AE942012-0796-4DBC-A934-0E445B7162B8}.Release|Any CPU.ActiveCfg = Release|Any CPU
		{AE942012-0796-4DBC-A934-0E445B7162B8}.Release|Any CPU.Build.0 = Release|Any CPU
		{05884ADE-BA6E-489D-A1AE-B5FE15734A59}.Debug|Any CPU.ActiveCfg = Debug|Any CPU
		{05884ADE-BA6E-489D-A1AE-B5FE15734A59}.Debug|Any CPU.Build.0 = Debug|Any CPU
		{05884ADE-BA6E-489D-A1AE-B5FE15734A59}.Release|Any CPU.ActiveCfg = Release|Any CPU
		{05884ADE-BA6E-489D-A1AE-B5FE15734A59}.Release|Any CPU.Build.0 = Release|Any CPU
		{9BF1B79B-C6C3-4255-9716-7DF5F8F6C66C}.Debug|Any CPU.ActiveCfg = Debug|Any CPU
		{9BF1B79B-C6C3-4255-9716-7DF5F8F6C66C}.Debug|Any CPU.Build.0 = Debug|Any CPU
		{9BF1B79B-C6C3-4255-9716-7DF5F8F6C66C}.Release|Any CPU.ActiveCfg = Release|Any CPU
		{9BF1B79B-C6C3-4255-9716-7DF5F8F6C66C}.Release|Any CPU.Build.0 = Release|Any CPU
	EndGlobalSection
	GlobalSection(SolutionProperties) = preSolution
		HideSolutionNode = FALSE
	EndGlobalSection
	GlobalSection(ExtensibilityGlobals) = postSolution
		SolutionGuid = {E3B89A71-B664-496A-84D9-3597F1DBB5FA}
	EndGlobalSection
EndGlobal
